
Microsoft Visual Studio Solution File, Format Version 12.00
# Visual Studio Version 17
VisualStudioVersion = 17.5.33424.131
MinimumVisualStudioVersion = 10.0.40219.1
Project("{54A90642-561A-4BB1-A94E-469ADEE60C69}") = "WidgetDesignerUI", "WidgetDesignerUI.esproj", "{26B39E1E-36F7-4579-83F5-9D1A33B88018}"
EndProject
Global
	GlobalSection(SolutionConfigurationPlatforms) = preSolution
		Debug|Any CPU = Debug|Any CPU
		Release|Any CPU = Release|Any CPU
	EndGlobalSection
	GlobalSection(ProjectConfigurationPlatforms) = postSolution
		{26B39E1E-36F7-4579-83F5-9D1A33B88018}.Debug|Any CPU.ActiveCfg = Debug|Any CPU
		{26B39E1E-36F7-4579-83F5-9D1A33B88018}.Debug|Any CPU.Build.0 = Debug|Any CPU
		{26B39E1E-36F7-4579-83F5-9D1A33B88018}.Debug|Any CPU.Deploy.0 = Debug|Any CPU
		{26B39E1E-36F7-4579-83F5-9D1A33B88018}.Release|Any CPU.ActiveCfg = Release|Any CPU
		{26B39E1E-36F7-4579-83F5-9D1A33B88018}.Release|Any CPU.Build.0 = Release|Any CPU
		{26B39E1E-36F7-4579-83F5-9D1A33B88018}.Release|Any CPU.Deploy.0 = Release|Any CPU
	EndGlobalSection
	GlobalSection(SolutionProperties) = preSolution
		HideSolutionNode = FALSE
	EndGlobalSection
	GlobalSection(ExtensibilityGlobals) = postSolution
		SolutionGuid = {DF60E782-FFE8-41C6-BFC3-CB6949569122}
	EndGlobalSection
EndGlobal
